
Microsoft Visual Studio Solution File, Format Version 12.00
# Visual Studio Version 16
VisualStudioVersion = 16.0.31205.134
MinimumVisualStudioVersion = 10.0.40219.1
Project("{FAE04EC0-301F-11D3-BF4B-00C04F79EFBC}") = "HelloRedis", "HelloRedis.csproj", "{D455E923-CD80-4A71-BA04-CD7077A7EC7D}"
EndProject
Global
	GlobalSection(SolutionConfigurationPlatforms) = preSolution
		Debug|Any CPU = Debug|Any CPU
		Release|Any CPU = Release|Any CPU
	EndGlobalSection
	GlobalSection(ProjectConfigurationPlatforms) = postSolution
		{D455E923-CD80-4A71-BA04-CD7077A7EC7D}.Debug|Any CPU.ActiveCfg = Debug|Any CPU
		{D455E923-CD80-4A71-BA04-CD7077A7EC7D}.Debug|Any CPU.Build.0 = Debug|Any CPU
		{D455E923-CD80-4A71-BA04-CD7077A7EC7D}.Release|Any CPU.ActiveCfg = Release|Any CPU
		{D455E923-CD80-4A71-BA04-CD7077A7EC7D}.Release|Any CPU.Build.0 = Release|Any CPU
	EndGlobalSection
	GlobalSection(SolutionProperties) = preSolution
		HideSolutionNode = FALSE
	EndGlobalSection
	GlobalSection(ExtensibilityGlobals) = postSolution
		SolutionGuid = {C0C8F34E-2E6F-4C8D-A03D-56B81725C3AF}
	EndGlobalSection
EndGlobal
